
Microsoft Visual Studio Solution File, Format Version 12.00
# Visual Studio Version 17
VisualStudioVersion = 17.14.36414.22 d17.14
MinimumVisualStudioVersion = 10.0.40219.1
Project("{FAE04EC0-301F-11D3-BF4B-00C04F79EFBC}") = "AutoRepairShop", "AutoRepairShop\AutoRepairShop.csproj", "{5FCB3A25-CD77-4045-A930-AD8517B9FD5D}"
EndProject
Global
	GlobalSection(SolutionConfigurationPlatforms) = preSolution
		Debug|Any CPU = Debug|Any CPU
		Release|Any CPU = Release|Any CPU
	EndGlobalSection
	GlobalSection(ProjectConfigurationPlatforms) = postSolution
		{5FCB3A25-CD77-4045-A930-AD8517B9FD5D}.Debug|Any CPU.ActiveCfg = Debug|Any CPU
		{5FCB3A25-CD77-4045-A930-AD8517B9FD5D}.Debug|Any CPU.Build.0 = Debug|Any CPU
		{5FCB3A25-CD77-4045-A930-AD8517B9FD5D}.Release|Any CPU.ActiveCfg = Release|Any CPU
		{5FCB3A25-CD77-4045-A930-AD8517B9FD5D}.Release|Any CPU.Build.0 = Release|Any CPU
	EndGlobalSection
	GlobalSection(SolutionProperties) = preSolution
		HideSolutionNode = FALSE
	EndGlobalSection
	GlobalSection(ExtensibilityGlobals) = postSolution
		SolutionGuid = {06C05EBA-EDE7-42C0-A5E1-361190D0DF30}
	EndGlobalSection
EndGlobal
